dependencies:
  espressif/mdns:
    component_hash: d8ae7aa491ff97aea1d00d514a1de42cdbaaf1bce10df183968fa5594b904de7
    source:
      service_url: https://api.components.espressif.com/
      type: service
    version: 1.2.5
  idf:
    component_hash: null
    source:
      type: idf
    version: 5.1.2
manifest_hash: c081c45d272b09142dc1c2797afe4444161084b8c8917897b7eab9b646697b8e
target: esp32c3
version: 1.0.0
